
Microsoft Visual Studio Solution File, Format Version 11.00
# Visual Studio 2010
Project("{FAE04EC0-301F-11D3-BF4B-00C04F79EFBC}") = "AcsimetCoffeWebSite", "AcsimetCoffeWebSite\AcsimetCoffeWebSite.csproj", "{B6C69BC9-ABB5-49B9-9DFA-E6DD86AE86FE}"
EndProject
Global
	GlobalSection(SolutionConfigurationPlatforms) = preSolution
		Debug|Any CPU = Debug|Any CPU
		Release|Any CPU = Release|Any CPU
	EndGlobalSection
	GlobalSection(ProjectConfigurationPlatforms) = postSolution
		{B6C69BC9-ABB5-49B9-9DFA-E6DD86AE86FE}.Debug|Any CPU.ActiveCfg = Debug|Any CPU
		{B6C69BC9-ABB5-49B9-9DFA-E6DD86AE86FE}.Debug|Any CPU.Build.0 = Debug|Any CPU
		{B6C69BC9-ABB5-49B9-9DFA-E6DD86AE86FE}.Release|Any CPU.ActiveCfg = Release|Any CPU
		{B6C69BC9-ABB5-49B9-9DFA-E6DD86AE86FE}.Release|Any CPU.Build.0 = Release|Any CPU
	EndGlobalSection
	GlobalSection(SolutionProperties) = preSolution
		HideSolutionNode = FALSE
	EndGlobalSection
EndGlobal
